
Microsoft Visual Studio Solution File, Format Version 12.00
# Visual Studio Version 17
VisualStudioVersion = 17.9.34728.123
MinimumVisualStudioVersion = 10.0.40219.1
Project("{FAE04EC0-301F-11D3-BF4B-00C04F79EFBC}") = "TestAssignment", "TestAssignment.csproj", "{E7CB6228-10CA-4CBD-A0F3-5AAB33111CE7}"
EndProject
Global
	GlobalSection(SolutionConfigurationPlatforms) = preSolution
		Debug|Any CPU = Debug|Any CPU
		Release|Any CPU = Release|Any CPU
	EndGlobalSection
	GlobalSection(ProjectConfigurationPlatforms) = postSolution
		{E7CB6228-10CA-4CBD-A0F3-5AAB33111CE7}.Debug|Any CPU.ActiveCfg = Debug|Any CPU
		{E7CB6228-10CA-4CBD-A0F3-5AAB33111CE7}.Debug|Any CPU.Build.0 = Debug|Any CPU
		{E7CB6228-10CA-4CBD-A0F3-5AAB33111CE7}.Release|Any CPU.ActiveCfg = Release|Any CPU
		{E7CB6228-10CA-4CBD-A0F3-5AAB33111CE7}.Release|Any CPU.Build.0 = Release|Any CPU
	EndGlobalSection
	GlobalSection(SolutionProperties) = preSolution
		HideSolutionNode = FALSE
	EndGlobalSection
	GlobalSection(ExtensibilityGlobals) = postSolution
		SolutionGuid = {00767BF4-4148-4561-B275-71F356092FE5}
	EndGlobalSection
EndGlobal
